
Microsoft Visual Studio Solution File, Format Version 12.00
# Visual Studio Version 16
VisualStudioVersion = 16.0.30406.217
MinimumVisualStudioVersion = 10.0.40219.1
Project("{FAE04EC0-301F-11D3-BF4B-00C04F79EFBC}") = "ProjectFull", "ProjectFull\ProjectFull.csproj", "{313B4A73-FC85-4270-AAC3-17D509D6FDEB}"
EndProject
Global
	GlobalSection(SolutionConfigurationPlatforms) = preSolution
		Debug|Any CPU = Debug|Any CPU
		Release|Any CPU = Release|Any CPU
	EndGlobalSection
	GlobalSection(ProjectConfigurationPlatforms) = postSolution
		{313B4A73-FC85-4270-AAC3-17D509D6FDEB}.Debug|Any CPU.ActiveCfg = Debug|Any CPU
		{313B4A73-FC85-4270-AAC3-17D509D6FDEB}.Debug|Any CPU.Build.0 = Debug|Any CPU
		{313B4A73-FC85-4270-AAC3-17D509D6FDEB}.Release|Any CPU.ActiveCfg = Release|Any CPU
		{313B4A73-FC85-4270-AAC3-17D509D6FDEB}.Release|Any CPU.Build.0 = Release|Any CPU
	EndGlobalSection
	GlobalSection(SolutionProperties) = preSolution
		HideSolutionNode = FALSE
	EndGlobalSection
	GlobalSection(ExtensibilityGlobals) = postSolution
		SolutionGuid = {04B2425B-9A05-4906-8EC5-D2062A6BE08A}
	EndGlobalSection
EndGlobal
